
Microsoft Visual Studio Solution File, Format Version 12.00
# Visual Studio Version 16
VisualStudioVersion = 16.0.31205.134
MinimumVisualStudioVersion = 10.0.40219.1
Project("{2150E333-8FDC-42A3-9474-1A3956D46DE8}") = "src", "src", "{8616B521-A787-4D94-A6BB-D1C44EBF5557}"
EndProject
Project("{2150E333-8FDC-42A3-9474-1A3956D46DE8}") = "building blocks", "building blocks", "{6F6EC405-01CC-4F6F-8F4D-E7AA22476672}"
EndProject
Project("{2150E333-8FDC-42A3-9474-1A3956D46DE8}") = "web", "web", "{02ED51C8-65F4-491C-BEB3-DBC69D28E2A2}"
EndProject
Project("{2150E333-8FDC-42A3-9474-1A3956D46DE8}") = "sevices", "sevices", "{7E81A7D4-AC9E-4263-BDCD-FB19B8B70E1E}"
EndProject
Project("{2150E333-8FDC-42A3-9474-1A3956D46DE8}") = "Identidade", "Identidade", "{2F15CB53-FA5E-4BC3-A88C-241E408DC1E7}"
EndProject
Project("{2150E333-8FDC-42A3-9474-1A3956D46DE8}") = "mvc", "mvc", "{A3FD47F2-D29D-4238-B084-615D6A63DEC9}"
EndProject
Project("{9A19103F-16F7-4668-BE54-9A1E7A4F7556}") = "NSE.WebApp.MVC", "src\web\NSE.WebApp.MVC\NSE.WebApp.MVC.csproj", "{65BD96A1-E916-4BCA-A3E7-DB841F7DE168}"
EndProject
Project("{9A19103F-16F7-4668-BE54-9A1E7A4F7556}") = "NSE.Identidade.API", "src\services\NSE.Identidade.API\NSE.Identidade.API.csproj", "{2C31645D-445E-4851-A80A-825424DC3E45}"
EndProject
Project("{2150E333-8FDC-42A3-9474-1A3956D46DE8}") = "Carrinho", "Carrinho", "{269DF645-8F7D-44F3-A420-EEB4CE158609}"
EndProject
Project("{2150E333-8FDC-42A3-9474-1A3956D46DE8}") = "Catalago", "Catalago", "{39C2E3DA-692E-4BA3-80A9-2845595D70B6}"
EndProject
Project("{2150E333-8FDC-42A3-9474-1A3956D46DE8}") = "Cliente", "Cliente", "{A7BC8E23-A518-4401-A4FC-76DF6E68B087}"
EndProject
Project("{2150E333-8FDC-42A3-9474-1A3956D46DE8}") = "Pagamento", "Pagamento", "{BF85FE2D-0276-431F-A0D5-3F653C95CA61}"
EndProject
Project("{2150E333-8FDC-42A3-9474-1A3956D46DE8}") = "core", "core", "{25EEE1F1-67E5-4824-956A-6539D5349167}"
EndProject
Project("{9A19103F-16F7-4668-BE54-9A1E7A4F7556}") = "NSE.Core", "src\building blocks\NSE.Core\NSE.Core.csproj", "{8BC7831E-83F8-4B93-A566-BA811335CE87}"
EndProject
Project("{2150E333-8FDC-42A3-9474-1A3956D46DE8}") = "Pedido", "Pedido", "{BAED9E15-382E-4FB4-A928-B8D6F0A02EBE}"
EndProject
Project("{9A19103F-16F7-4668-BE54-9A1E7A4F7556}") = "NSE.Carrinho.API", "src\services\NSE.Carrinho.API\NSE.Carrinho.API.csproj", "{66C4CFCF-E248-41E8-ADDF-789FE3038884}"
EndProject
Project("{9A19103F-16F7-4668-BE54-9A1E7A4F7556}") = "NSE.Catalogo.API", "src\services\NSE.Catalogo.API\NSE.Catalogo.API.csproj", "{F3EF0A36-E620-414B-B2AA-1EA00521E71B}"
EndProject
Project("{9A19103F-16F7-4668-BE54-9A1E7A4F7556}") = "NSE.Cliente.API", "src\services\NSE.Cliente.API\NSE.Cliente.API.csproj", "{81505331-94EC-445B-A820-ED0AB5F779B0}"
EndProject
Project("{9A19103F-16F7-4668-BE54-9A1E7A4F7556}") = "NSE.Pagamento.API", "src\services\NSE.Pagamento.API\NSE.Pagamento.API.csproj", "{3A35BDE6-17E7-4A4B-B146-298EB0C596A8}"
EndProject
Project("{9A19103F-16F7-4668-BE54-9A1E7A4F7556}") = "NSE.Pedido.API", "src\services\NSE.Pedido.API\NSE.Pedido.API.csproj", "{D5B25EDC-8CCD-4FB2-AA71-3D418DD405ED}"
EndProject
Project("{2150E333-8FDC-42A3-9474-1A3956D46DE8}") = "Services", "Services", "{CC18BD69-CF24-4361-9B98-DF102DDE3A10}"
EndProject
Project("{9A19103F-16F7-4668-BE54-9A1E7A4F7556}") = "NSE.WebApi.Core", "src\building blocks\NSE.WebApi.Core\NSE.WebApi.Core.csproj", "{1156AAD6-3D36-4CC9-951D-31A883140DC7}"
EndProject
Project("{2150E333-8FDC-42A3-9474-1A3956D46DE8}") = "MessageBus", "MessageBus", "{615E0285-AC82-4E70-A4DD-434B6A008450}"
EndProject
Project("{9A19103F-16F7-4668-BE54-9A1E7A4F7556}") = "NSE.MessageBus", "NSE.MessageBus\NSE.MessageBus.csproj", "{B9A96664-EB53-4D32-A710-534A6663598A}"
EndProject
Project("{2150E333-8FDC-42A3-9474-1A3956D46DE8}") = "APIGateways", "APIGateways", "{330C94D9-846D-4B47-AE73-5D55EC8BFF41}"
EndProject
Project("{2150E333-8FDC-42A3-9474-1A3956D46DE8}") = "Compras", "Compras", "{1164A210-AE05-4884-9BBF-E72B56B7DF8B}"
EndProject
Project("{FAE04EC0-301F-11D3-BF4B-00C04F79EFBC}") = "NSE.BFF.Compras", "src\api gateway\NSE.BFF.Compras\NSE.BFF.Compras.csproj", "{CC8C8C93-99ED-46AC-9E9E-1D15E501EFE0}"
EndProject
Global
	GlobalSection(SolutionConfigurationPlatforms) = preSolution
		Debug|Any CPU = Debug|Any CPU
		Release|Any CPU = Release|Any CPU
	EndGlobalSection
	GlobalSection(ProjectConfigurationPlatforms) = postSolution
		{65BD96A1-E916-4BCA-A3E7-DB841F7DE168}.Debug|Any CPU.ActiveCfg = Debug|Any CPU
		{65BD96A1-E916-4BCA-A3E7-DB841F7DE168}.Debug|Any CPU.Build.0 = Debug|Any CPU
		{65BD96A1-E916-4BCA-A3E7-DB841F7DE168}.Release|Any CPU.ActiveCfg = Release|Any CPU
		{65BD96A1-E916-4BCA-A3E7-DB841F7DE168}.Release|Any CPU.Build.0 = Release|Any CPU
		{2C31645D-445E-4851-A80A-825424DC3E45}.Debug|Any CPU.ActiveCfg = Debug|Any CPU
		{2C31645D-445E-4851-A80A-825424DC3E45}.Debug|Any CPU.Build.0 = Debug|Any CPU
		{2C31645D-445E-4851-A80A-825424DC3E45}.Release|Any CPU.ActiveCfg = Release|Any CPU
		{2C31645D-445E-4851-A80A-825424DC3E45}.Release|Any CPU.Build.0 = Release|Any CPU
		{8BC7831E-83F8-4B93-A566-BA811335CE87}.Debug|Any CPU.ActiveCfg = Debug|Any CPU
		{8BC7831E-83F8-4B93-A566-BA811335CE87}.Debug|Any CPU.Build.0 = Debug|Any CPU
		{8BC7831E-83F8-4B93-A566-BA811335CE87}.Release|Any CPU.ActiveCfg = Release|Any CPU
		{8BC7831E-83F8-4B93-A566-BA811335CE87}.Release|Any CPU.Build.0 = Release|Any CPU
		{66C4CFCF-E248-41E8-ADDF-789FE3038884}.Debug|Any CPU.ActiveCfg = Debug|Any CPU
		{66C4CFCF-E248-41E8-ADDF-789FE3038884}.Debug|Any CPU.Build.0 = Debug|Any CPU
		{66C4CFCF-E248-41E8-ADDF-789FE3038884}.Release|Any CPU.ActiveCfg = Release|Any CPU
		{66C4CFCF-E248-41E8-ADDF-789FE3038884}.Release|Any CPU.Build.0 = Release|Any CPU
		{F3EF0A36-E620-414B-B2AA-1EA00521E71B}.Debug|Any CPU.ActiveCfg = Debug|Any CPU
		{F3EF0A36-E620-414B-B2AA-1EA00521E71B}.Debug|Any CPU.Build.0 = Debug|Any CPU
		{F3EF0A36-E620-414B-B2AA-1EA00521E71B}.Release|Any CPU.ActiveCfg = Release|Any CPU
		{F3EF0A36-E620-414B-B2AA-1EA00521E71B}.Release|Any CPU.Build.0 = Release|Any CPU
		{81505331-94EC-445B-A820-ED0AB5F779B0}.Debug|Any CPU.ActiveCfg = Debug|Any CPU
		{81505331-94EC-445B-A820-ED0AB5F779B0}.Debug|Any CPU.Build.0 = Debug|Any CPU
		{81505331-94EC-445B-A820-ED0AB5F779B0}.Release|Any CPU.ActiveCfg = Release|Any CPU
		{81505331-94EC-445B-A820-ED0AB5F779B0}.Release|Any CPU.Build.0 = Release|Any CPU
		{3A35BDE6-17E7-4A4B-B146-298EB0C596A8}.Debug|Any CPU.ActiveCfg = Debug|Any CPU
		{3A35BDE6-17E7-4A4B-B146-298EB0C596A8}.Debug|Any CPU.Build.0 = Debug|Any CPU
		{3A35BDE6-17E7-4A4B-B146-298EB0C596A8}.Release|Any CPU.ActiveCfg = Release|Any CPU
		{3A35BDE6-17E7-4A4B-B146-298EB0C596A8}.Release|Any CPU.Build.0 = Release|Any CPU
		{D5B25EDC-8CCD-4FB2-AA71-3D418DD405ED}.Debug|Any CPU.ActiveCfg = Debug|Any CPU
		{D5B25EDC-8CCD-4FB2-AA71-3D418DD405ED}.Debug|Any CPU.Build.0 = Debug|Any CPU
		{D5B25EDC-8CCD-4FB2-AA71-3D418DD405ED}.Release|Any CPU.ActiveCfg = Release|Any CPU
		{D5B25EDC-8CCD-4FB2-AA71-3D418DD405ED}.Release|Any CPU.Build.0 = Release|Any CPU
		{1156AAD6-3D36-4CC9-951D-31A883140DC7}.Debug|Any CPU.ActiveCfg = Debug|Any CPU
		{1156AAD6-3D36-4CC9-951D-31A883140DC7}.Debug|Any CPU.Build.0 = Debug|Any CPU
		{1156AAD6-3D36-4CC9-951D-31A883140DC7}.Release|Any CPU.ActiveCfg = Release|Any CPU
		{1156AAD6-3D36-4CC9-951D-31A883140DC7}.Release|Any CPU.Build.0 = Release|Any CPU
		{B9A96664-EB53-4D32-A710-534A6663598A}.Debug|Any CPU.ActiveCfg = Debug|Any CPU
		{B9A96664-EB53-4D32-A710-534A6663598A}.Debug|Any CPU.Build.0 = Debug|Any CPU
		{B9A96664-EB53-4D32-A710-534A6663598A}.Release|Any CPU.ActiveCfg = Release|Any CPU
		{B9A96664-EB53-4D32-A710-534A6663598A}.Release|Any CPU.Build.0 = Release|Any CPU
		{CC8C8C93-99ED-46AC-9E9E-1D15E501EFE0}.Debug|Any CPU.ActiveCfg = Debug|Any CPU
		{CC8C8C93-99ED-46AC-9E9E-1D15E501EFE0}.Debug|Any CPU.Build.0 = Debug|Any CPU
		{CC8C8C93-99ED-46AC-9E9E-1D15E501EFE0}.Release|Any CPU.ActiveCfg = Release|Any CPU
		{CC8C8C93-99ED-46AC-9E9E-1D15E501EFE0}.Release|Any CPU.Build.0 = Release|Any CPU
	EndGlobalSection
	GlobalSection(SolutionProperties) = preSolution
		HideSolutionNode = FALSE
	EndGlobalSection
	GlobalSection(NestedProjects) = preSolution
		{6F6EC405-01CC-4F6F-8F4D-E7AA22476672} = {8616B521-A787-4D94-A6BB-D1C44EBF5557}
		{02ED51C8-65F4-491C-BEB3-DBC69D28E2A2} = {8616B521-A787-4D94-A6BB-D1C44EBF5557}
		{7E81A7D4-AC9E-4263-BDCD-FB19B8B70E1E} = {8616B521-A787-4D94-A6BB-D1C44EBF5557}
		{2F15CB53-FA5E-4BC3-A88C-241E408DC1E7} = {7E81A7D4-AC9E-4263-BDCD-FB19B8B70E1E}
		{A3FD47F2-D29D-4238-B084-615D6A63DEC9} = {02ED51C8-65F4-491C-BEB3-DBC69D28E2A2}
		{65BD96A1-E916-4BCA-A3E7-DB841F7DE168} = {A3FD47F2-D29D-4238-B084-615D6A63DEC9}
		{2C31645D-445E-4851-A80A-825424DC3E45} = {2F15CB53-FA5E-4BC3-A88C-241E408DC1E7}
		{269DF645-8F7D-44F3-A420-EEB4CE158609} = {7E81A7D4-AC9E-4263-BDCD-FB19B8B70E1E}
		{39C2E3DA-692E-4BA3-80A9-2845595D70B6} = {7E81A7D4-AC9E-4263-BDCD-FB19B8B70E1E}
		{A7BC8E23-A518-4401-A4FC-76DF6E68B087} = {7E81A7D4-AC9E-4263-BDCD-FB19B8B70E1E}
		{BF85FE2D-0276-431F-A0D5-3F653C95CA61} = {7E81A7D4-AC9E-4263-BDCD-FB19B8B70E1E}
		{25EEE1F1-67E5-4824-956A-6539D5349167} = {6F6EC405-01CC-4F6F-8F4D-E7AA22476672}
		{8BC7831E-83F8-4B93-A566-BA811335CE87} = {25EEE1F1-67E5-4824-956A-6539D5349167}
		{BAED9E15-382E-4FB4-A928-B8D6F0A02EBE} = {7E81A7D4-AC9E-4263-BDCD-FB19B8B70E1E}
		{66C4CFCF-E248-41E8-ADDF-789FE3038884} = {269DF645-8F7D-44F3-A420-EEB4CE158609}
		{F3EF0A36-E620-414B-B2AA-1EA00521E71B} = {39C2E3DA-692E-4BA3-80A9-2845595D70B6}
		{81505331-94EC-445B-A820-ED0AB5F779B0} = {A7BC8E23-A518-4401-A4FC-76DF6E68B087}
		{3A35BDE6-17E7-4A4B-B146-298EB0C596A8} = {BF85FE2D-0276-431F-A0D5-3F653C95CA61}
		{D5B25EDC-8CCD-4FB2-AA71-3D418DD405ED} = {BAED9E15-382E-4FB4-A928-B8D6F0A02EBE}
		{CC18BD69-CF24-4361-9B98-DF102DDE3A10} = {6F6EC405-01CC-4F6F-8F4D-E7AA22476672}
		{1156AAD6-3D36-4CC9-951D-31A883140DC7} = {CC18BD69-CF24-4361-9B98-DF102DDE3A10}
		{615E0285-AC82-4E70-A4DD-434B6A008450} = {6F6EC405-01CC-4F6F-8F4D-E7AA22476672}
		{B9A96664-EB53-4D32-A710-534A6663598A} = {615E0285-AC82-4E70-A4DD-434B6A008450}
		{330C94D9-846D-4B47-AE73-5D55EC8BFF41} = {8616B521-A787-4D94-A6BB-D1C44EBF5557}
		{1164A210-AE05-4884-9BBF-E72B56B7DF8B} = {330C94D9-846D-4B47-AE73-5D55EC8BFF41}
		{CC8C8C93-99ED-46AC-9E9E-1D15E501EFE0} = {1164A210-AE05-4884-9BBF-E72B56B7DF8B}
	EndGlobalSection
	GlobalSection(ExtensibilityGlobals) = postSolution
		SolutionGuid = {7B7BB4EB-21A9-4425-B095-A3735723E361}
	EndGlobalSection
EndGlobal
